
Microsoft Visual Studio Solution File, Format Version 12.00
# Visual Studio Version 17
VisualStudioVersion = 17.0.32112.339
MinimumVisualStudioVersion = 10.0.40219.1
Project("{FAE04EC0-301F-11D3-BF4B-00C04F79EFBC}") = "SysInfoNet", "SysInfoNet\SysInfoNet.csproj", "{0C55A13C-FF08-486A-BBB0-CBC532664C7C}"
EndProject
Project("{9A19103F-16F7-4668-BE54-9A1E7A4F7556}") = "SysInfoCore", "SysInfoCore\SysInfoCore.csproj", "{8DEE528C-FAE2-4DF0-8625-AD22E3634A36}"
EndProject
Project("{FAE04EC0-301F-11D3-BF4B-00C04F79EFBC}") = "SysInfoV2", "SysInfoV2\SysInfoV2.csproj", "{23A0E053-B3D2-4750-B7CF-00D4D6F5A744}"
EndProject
Global
	GlobalSection(SolutionConfigurationPlatforms) = preSolution
		Debug|Any CPU = Debug|Any CPU
		Release|Any CPU = Release|Any CPU
	EndGlobalSection
	GlobalSection(ProjectConfigurationPlatforms) = postSolution
		{0C55A13C-FF08-486A-BBB0-CBC532664C7C}.Debug|Any CPU.ActiveCfg = Debug|Any CPU
		{0C55A13C-FF08-486A-BBB0-CBC532664C7C}.Debug|Any CPU.Build.0 = Debug|Any CPU
		{0C55A13C-FF08-486A-BBB0-CBC532664C7C}.Release|Any CPU.ActiveCfg = Release|Any CPU
		{0C55A13C-FF08-486A-BBB0-CBC532664C7C}.Release|Any CPU.Build.0 = Release|Any CPU
		{8DEE528C-FAE2-4DF0-8625-AD22E3634A36}.Debug|Any CPU.ActiveCfg = Debug|Any CPU
		{8DEE528C-FAE2-4DF0-8625-AD22E3634A36}.Debug|Any CPU.Build.0 = Debug|Any CPU
		{8DEE528C-FAE2-4DF0-8625-AD22E3634A36}.Release|Any CPU.ActiveCfg = Release|Any CPU
		{8DEE528C-FAE2-4DF0-8625-AD22E3634A36}.Release|Any CPU.Build.0 = Release|Any CPU
		{23A0E053-B3D2-4750-B7CF-00D4D6F5A744}.Debug|Any CPU.ActiveCfg = Debug|Any CPU
		{23A0E053-B3D2-4750-B7CF-00D4D6F5A744}.Debug|Any CPU.Build.0 = Debug|Any CPU
		{23A0E053-B3D2-4750-B7CF-00D4D6F5A744}.Release|Any CPU.ActiveCfg = Release|Any CPU
		{23A0E053-B3D2-4750-B7CF-00D4D6F5A744}.Release|Any CPU.Build.0 = Release|Any CPU
	EndGlobalSection
	GlobalSection(SolutionProperties) = preSolution
		HideSolutionNode = FALSE
	EndGlobalSection
	GlobalSection(ExtensibilityGlobals) = postSolution
		SolutionGuid = {87B793BE-7F33-40CD-97BC-2F45F44DBC19}
	EndGlobalSection
EndGlobal
